// !$*UTF8*$!
{
	archiveVersion = 1;
	classes = {
	};
	objectVersion = 46;
	objects = {

/* Begin PBXBuildFile section */
		592965551B50E84200BD1670 /* AppDelegate.swift in Sources */ = {isa = PBXBuildFile; fileRef = 592965541B50E84200BD1670 /* AppDelegate.swift */; };
		592965571B50E84200BD1670 /* ViewController.swift in Sources */ = {isa = PBXBuildFile; fileRef = 592965561B50E84200BD1670 /* ViewController.swift */; };
		5929655A1B50E84200BD1670 /* Main.storyboard in Resources */ = {isa = PBXBuildFile; fileRef = 592965581B50E84200BD1670 /* Main.storyboard */; };
		5929655C1B50E84200BD1670 /* Assets.xcassets in Resources */ = {isa = PBXBuildFile; fileRef = 5929655B1B50E84200BD1670 /* Assets.xcassets */; };
		5929655F1B50E84200BD1670 /* LaunchScreen.storyboard in Resources */ = {isa = PBXBuildFile; fileRef = 5929655D1B50E84200BD1670 /* LaunchScreen.storyboard */; };
		5929656A1B50E84200BD1670 /* WatchMotionTestTests.swift in Sources */ = {isa = PBXBuildFile; fileRef = 592965691B50E84200BD1670 /* WatchMotionTestTests.swift */; };
		592965751B50E84200BD1670 /* WatchMotionTestUITests.swift in Sources */ = {isa = PBXBuildFile; fileRef = 592965741B50E84200BD1670 /* WatchMotionTestUITests.swift */; };
		5929657A1B50E84200BD1670 /* WatchMotionTest WatchKit App.app in Embed Watch Content */ = {isa = PBXBuildFile; fileRef = 592965791B50E84200BD1670 /* WatchMotionTest WatchKit App.app */; };
		592965801B50E84200BD1670 /* Interface.storyboard in Resources */ = {isa = PBXBuildFile; fileRef = 5929657E1B50E84200BD1670 /* Interface.storyboard */; };
		592965821B50E84200BD1670 /* Assets.xcassets in Resources */ = {isa = PBXBuildFile; fileRef = 592965811B50E84200BD1670 /* Assets.xcassets */; };
		592965891B50E84200BD1670 /* WatchMotionTest WatchKit Extension.appex in Embed App Extensions */ = {isa = PBXBuildFile; fileRef = 592965881B50E84200BD1670 /* WatchMotionTest WatchKit Extension.appex */; settings = {ATTRIBUTES = (RemoveHeadersOnCopy, ); }; };
		5929658E1B50E84200BD1670 /* InterfaceController.swift in Sources */ = {isa = PBXBuildFile; fileRef = 5929658D1B50E84200BD1670 /* InterfaceController.swift */; };
		592965901B50E84200BD1670 /* ExtensionDelegate.swift in Sources */ = {isa = PBXBuildFile; fileRef = 5929658F1B50E84200BD1670 /* ExtensionDelegate.swift */; };
		592965921B50E84200BD1670 /* Assets.xcassets in Resources */ = {isa = PBXBuildFile; fileRef = 592965911B50E84200BD1670 /* Assets.xcassets */; };
/* End PBXBuildFile section */

/* Begin PBXContainerItemProxy section */
		592965661B50E84200BD1670 /* PBXContainerItemProxy */ = {
			isa = PBXContainerItemProxy;
			containerPortal = 592965491B50E84200BD1670 /* Project object */;
			proxyType = 1;
			remoteGlobalIDString = 592965501B50E84200BD1670;
			remoteInfo = WatchMotionTest;
		};
		592965711B50E84200BD1670 /* PBXContainerItemProxy */ = {
			isa = PBXContainerItemProxy;
			containerPortal = 592965491B50E84200BD1670 /* Project object */;
			proxyType = 1;
			remoteGlobalIDString = 592965501B50E84200BD1670;
			remoteInfo = WatchMotionTest;
		};
		5929657B1B50E84200BD1670 /* PBXContainerItemProxy */ = {
			isa = PBXContainerItemProxy;
			containerPortal = 592965491B50E84200BD1670 /* Project object */;
			proxyType = 1;
			remoteGlobalIDString = 592965781B50E84200BD1670;
			remoteInfo = "WatchMotionTest WatchKit App";
		};
		5929658A1B50E84200BD1670 /* PBXContainerItemProxy */ = {
			isa = PBXContainerItemProxy;
			containerPortal = 592965491B50E84200BD1670 /* Project object */;
			proxyType = 1;
			remoteGlobalIDString = 592965871B50E84200BD1670;
			remoteInfo = "WatchMotionTest WatchKit Extension";
		};
/* End PBXContainerItemProxy section */

/* Begin PBXCopyFilesBuildPhase section */
		592965991B50E84200BD1670 /* Embed App Extensions */ = {
			isa = PBXCopyFilesBuildPhase;
			buildActionMask = 2147483647;
			dstPath = "";
			dstSubfolderSpec = 13;
			files = (
				592965891B50E84200BD1670 /* WatchMotionTest WatchKit Extension.appex in Embed App Extensions */,
			);
			name = "Embed App Extensions";
			runOnlyForDeploymentPostprocessing = 0;
		};
		5929659D1B50E84200BD1670 /* Embed Watch Content */ = {
			isa = PBXCopyFilesBuildPhase;
			buildActionMask = 2147483647;
			dstPath = "$(CONTENTS_FOLDER_PATH)/Watch";
			dstSubfolderSpec = 16;
			files = (
				5929657A1B50E84200BD1670 /* WatchMotionTest WatchKit App.app in Embed Watch Content */,
			);
			name = "Embed Watch Content";
			runOnlyForDeploymentPostprocessing = 0;
		};
/* End PBXCopyFilesBuildPhase section */

/* Begin PBXFileReference section */
		592965511B50E84200BD1670 /* WatchMotionTest.app */ = {isa = PBXFileReference; explicitFileType = wrapper.application; includeInIndex = 0; path = WatchMotionTest.app; sourceTree = BUILT_PRODUCTS_DIR; };
		592965541B50E84200BD1670 /* AppDelegate.swift */ = {isa = PBXFileReference; lastKnownFileType = sourcecode.swift; path = AppDelegate.swift; sourceTree = "<group>"; };
		592965561B50E84200BD1670 /* ViewController.swift */ = {isa = PBXFileReference; lastKnownFileType = sourcecode.swift; path = ViewController.swift; sourceTree = "<group>"; };
		592965591B50E84200BD1670 /* Base */ = {isa = PBXFileReference; lastKnownFileType = file.storyboard; name = Base; path = Base.lproj/Main.storyboard; sourceTree = "<group>"; };
		5929655B1B50E84200BD1670 /* Assets.xcassets */ = {isa = PBXFileReference; lastKnownFileType = folder.assetcatalog; path = Assets.xcassets; sourceTree = "<group>"; };
		5929655E1B50E84200BD1670 /* Base */ = {isa = PBXFileReference; lastKnownFileType = file.storyboard; name = Base; path = Base.lproj/LaunchScreen.storyboard; sourceTree = "<group>"; };
		592965601B50E84200BD1670 /* Info.plist */ = {isa = PBXFileReference; lastKnownFileType = text.plist.xml; path = Info.plist; sourceTree = "<group>"; };
		592965651B50E84200BD1670 /* WatchMotionTestTests.xctest */ = {isa = PBXFileReference; explicitFileType = wrapper.cfbundle; includeInIndex = 0; path = WatchMotionTestTests.xctest; sourceTree = BUILT_PRODUCTS_DIR; };
		592965691B50E84200BD1670 /* WatchMotionTestTests.swift */ = {isa = PBXFileReference; lastKnownFileType = sourcecode.swift; path = WatchMotionTestTests.swift; sourceTree = "<group>"; };
		5929656B1B50E84200BD1670 /* Info.plist */ = {isa = PBXFileReference; lastKnownFileType = text.plist.xml; path = Info.plist; sourceTree = "<group>"; };
		592965701B50E84200BD1670 /* WatchMotionTestUITests.xctest */ = {isa = PBXFileReference; explicitFileType = wrapper.cfbundle; includeInIndex = 0; path = WatchMotionTestUITests.xctest; sourceTree = BUILT_PRODUCTS_DIR; };
		592965741B50E84200BD1670 /* WatchMotionTestUITests.swift */ = {isa = PBXFileReference; lastKnownFileType = sourcecode.swift; path = WatchMotionTestUITests.swift; sourceTree = "<group>"; };
		592965761B50E84200BD1670 /* Info.plist */ = {isa = PBXFileReference; lastKnownFileType = text.plist.xml; path = Info.plist; sourceTree = "<group>"; };
		592965791B50E84200BD1670 /* WatchMotionTest WatchKit App.app */ = {isa = PBXFileReference; explicitFileType = wrapper.application; includeInIndex = 0; path = "WatchMotionTest WatchKit App.app"; sourceTree = BUILT_PRODUCTS_DIR; };
		5929657F1B50E84200BD1670 /* Base */ = {isa = PBXFileReference; lastKnownFileType = file.storyboard; name = Base; path = Base.lproj/Interface.storyboard; sourceTree = "<group>"; };
		592965811B50E84200BD1670 /* Assets.xcassets */ = {isa = PBXFileReference; lastKnownFileType = folder.assetcatalog; path = Assets.xcassets; sourceTree = "<group>"; };
		592965831B50E84200BD1670 /* Info.plist */ = {isa = PBXFileReference; lastKnownFileType = text.plist.xml; path = Info.plist; sourceTree = "<group>"; };
		592965881B50E84200BD1670 /* WatchMotionTest WatchKit Extension.appex */ = {isa = PBXFileReference; explicitFileType = "wrapper.app-extension"; includeInIndex = 0; path = "WatchMotionTest WatchKit Extension.appex"; sourceTree = BUILT_PRODUCTS_DIR; };
		5929658D1B50E84200BD1670 /* InterfaceController.swift */ = {isa = PBXFileReference; lastKnownFileType = sourcecode.swift; path = InterfaceController.swift; sourceTree = "<group>"; };
		5929658F1B50E84200BD1670 /* ExtensionDelegate.swift */ = {isa = PBXFileReference; lastKnownFileType = sourcecode.swift; path = ExtensionDelegate.swift; sourceTree = "<group>"; };
		592965911B50E84200BD1670 /* Assets.xcassets */ = {isa = PBXFileReference; lastKnownFileType = folder.assetcatalog; path = Assets.xcassets; sourceTree = "<group>"; };
		592965931B50E84200BD1670 /* Info.plist */ = {isa = PBXFileReference; lastKnownFileType = text.plist.xml; path = Info.plist; sourceTree = "<group>"; };
/* End PBXFileReference section */

/* Begin PBXFrameworksBuildPhase section */
		5929654E1B50E84200BD1670 /* Frameworks */ = {
			isa = PBXFrameworksBuildPhase;
			buildActionMask = 2147483647;
			files = (
			);
			runOnlyForDeploymentPostprocessing = 0;
		};
		592965621B50E84200BD1670 /* Frameworks */ = {
			isa = PBXFrameworksBuildPhase;
			buildActionMask = 2147483647;
			files = (
			);
			runOnlyForDeploymentPostprocessing = 0;
		};
		5929656D1B50E84200BD1670 /* Frameworks */ = {
			isa = PBXFrameworksBuildPhase;
			buildActionMask = 2147483647;
			files = (
			);
			runOnlyForDeploymentPostprocessing = 0;
		};
		592965851B50E84200BD1670 /* Frameworks */ = {
			isa = PBXFrameworksBuildPhase;
			buildActionMask = 2147483647;
			files = (
			);
			runOnlyForDeploymentPostprocessing = 0;
		};
/* End PBXFrameworksBuildPhase section */

/* Begin PBXGroup section */
		592965481B50E84200BD1670 = {
			isa = PBXGroup;
			children = (
				592965531B50E84200BD1670 /* WatchMotionTest */,
				592965681B50E84200BD1670 /* WatchMotionTestTests */,
				592965731B50E84200BD1670 /* WatchMotionTestUITests */,
				5929657D1B50E84200BD1670 /* WatchMotionTest WatchKit App */,
				5929658C1B50E84200BD1670 /* WatchMotionTest WatchKit Extension */,
				592965521B50E84200BD1670 /* Products */,
			);
			sourceTree = "<group>";
		};
		592965521B50E84200BD1670 /* Products */ = {
			isa = PBXGroup;
			children = (
				592965511B50E84200BD1670 /* WatchMotionTest.app */,
				592965651B50E84200BD1670 /* WatchMotionTestTests.xctest */,
				592965701B50E84200BD1670 /* WatchMotionTestUITests.xctest */,
				592965791B50E84200BD1670 /* WatchMotionTest WatchKit App.app */,
				592965881B50E84200BD1670 /* WatchMotionTest WatchKit Extension.appex */,
			);
			name = Products;
			sourceTree = "<group>";
		};
		592965531B50E84200BD1670 /* WatchMotionTest */ = {
			isa = PBXGroup;
			children = (
				592965541B50E84200BD1670 /* AppDelegate.swift */,
				592965561B50E84200BD1670 /* ViewController.swift */,
				592965581B50E84200BD1670 /* Main.storyboard */,
				5929655B1B50E84200BD1670 /* Assets.xcassets */,
				5929655D1B50E84200BD1670 /* LaunchScreen.storyboard */,
				592965601B50E84200BD1670 /* Info.plist */,
			);
			path = WatchMotionTest;
			sourceTree = "<group>";
		};
		592965681B50E84200BD1670 /* WatchMotionTestTests */ = {
			isa = PBXGroup;
			children = (
				592965691B50E84200BD1670 /* WatchMotionTestTests.swift */,
				5929656B1B50E84200BD1670 /* Info.plist */,
			);
			path = WatchMotionTestTests;
			sourceTree = "<group>";
		};
		592965731B50E84200BD1670 /* WatchMotionTestUITests */ = {
			isa = PBXGroup;
			children = (
				592965741B50E84200BD1670 /* WatchMotionTestUITests.swift */,
				592965761B50E84200BD1670 /* Info.plist */,
			);
			path = WatchMotionTestUITests;
			sourceTree = "<group>";
		};
		5929657D1B50E84200BD1670 /* WatchMotionTest WatchKit App */ = {
			isa = PBXGroup;
			children = (
				5929657E1B50E84200BD1670 /* Interface.storyboard */,
				592965811B50E84200BD1670 /* Assets.xcassets */,
				592965831B50E84200BD1670 /* Info.plist */,
			);
			path = "WatchMotionTest WatchKit App";
			sourceTree = "<group>";
		};
		5929658C1B50E84200BD1670 /* WatchMotionTest WatchKit Extension */ = {
			isa = PBXGroup;
			children = (
				5929658D1B50E84200BD1670 /* InterfaceController.swift */,
				5929658F1B50E84200BD1670 /* ExtensionDelegate.swift */,
				592965911B50E84200BD1670 /* Assets.xcassets */,
				592965931B50E84200BD1670 /* Info.plist */,
			);
			path = "WatchMotionTest WatchKit Extension";
			sourceTree = "<group>";
		};
/* End PBXGroup section */

/* Begin PBXNativeTarget section */
		592965501B50E84200BD1670 /* WatchMotionTest */ = {
			isa = PBXNativeTarget;
			buildConfigurationList = 5929659E1B50E84200BD1670 /* Build configuration list for PBXNativeTarget "WatchMotionTest" */;
			buildPhases = (
				5929654D1B50E84200BD1670 /* Sources */,
				5929654E1B50E84200BD1670 /* Frameworks */,
				5929654F1B50E84200BD1670 /* Resources */,
				5929659D1B50E84200BD1670 /* Embed Watch Content */,
			);
			buildRules = (
			);
			dependencies = (
				5929657C1B50E84200BD1670 /* PBXTargetDependency */,
			);
			name = WatchMotionTest;
			productName = WatchMotionTest;
			productReference = 592965511B50E84200BD1670 /* WatchMotionTest.app */;
			productType = "com.apple.product-type.application";
		};
		592965641B50E84200BD1670 /* WatchMotionTestTests */ = {
			isa = PBXNativeTarget;
			buildConfigurationList = 592965A11B50E84200BD1670 /* Build configuration list for PBXNativeTarget "WatchMotionTestTests" */;
			buildPhases = (
				592965611B50E84200BD1670 /* Sources */,
				592965621B50E84200BD1670 /* Frameworks */,
				592965631B50E84200BD1670 /* Resources */,
			);
			buildRules = (
			);
			dependencies = (
				592965671B50E84200BD1670 /* PBXTargetDependency */,
			);
			name = WatchMotionTestTests;
			productName = WatchMotionTestTests;
			productReference = 592965651B50E84200BD1670 /* WatchMotionTestTests.xctest */;
			productType = "com.apple.product-type.bundle.unit-test";
		};
		5929656F1B50E84200BD1670 /* WatchMotionTestUITests */ = {
			isa = PBXNativeTarget;
			buildConfigurationList = 592965A41B50E84200BD1670 /* Build configuration list for PBXNativeTarget "WatchMotionTestUITests" */;
			buildPhases = (
				5929656C1B50E84200BD1670 /* Sources */,
				5929656D1B50E84200BD1670 /* Frameworks */,
				5929656E1B50E84200BD1670 /* Resources */,
			);
			buildRules = (
			);
			dependencies = (
				592965721B50E84200BD1670 /* PBXTargetDependency */,
			);
			name = WatchMotionTestUITests;
			productName = WatchMotionTestUITests;
			productReference = 592965701B50E84200BD1670 /* WatchMotionTestUITests.xctest */;
			productType = "com.apple.product-type.bundle.ui-testing";
		};
		592965781B50E84200BD1670 /* WatchMotionTest WatchKit App */ = {
			isa = PBXNativeTarget;
			buildConfigurationList = 5929659A1B50E84200BD1670 /* Build configuration list for PBXNativeTarget "WatchMotionTest WatchKit App" */;
			buildPhases = (
				592965771B50E84200BD1670 /* Resources */,
				592965991B50E84200BD1670 /* Embed App Extensions */,
			);
			buildRules = (
			);
			dependencies = (
				5929658B1B50E84200BD1670 /* PBXTargetDependency */,
			);
			name = "WatchMotionTest WatchKit App";
			productName = "WatchMotionTest WatchKit App";
			productReference = 592965791B50E84200BD1670 /* WatchMotionTest WatchKit App.app */;
			productType = "com.apple.product-type.application.watchapp2";
		};
		592965871B50E84200BD1670 /* WatchMotionTest WatchKit Extension */ = {
			isa = PBXNativeTarget;
			buildConfigurationList = 592965961B50E84200BD1670 /* Build configuration list for PBXNativeTarget "WatchMotionTest WatchKit Extension" */;
			buildPhases = (
				592965841B50E84200BD1670 /* Sources */,
				592965851B50E84200BD1670 /* Frameworks */,
				592965861B50E84200BD1670 /* Resources */,
			);
			buildRules = (
			);
			dependencies = (
			);
			name = "WatchMotionTest WatchKit Extension";
			productName = "WatchMotionTest WatchKit Extension";
			productReference = 592965881B50E84200BD1670 /* WatchMotionTest WatchKit Extension.appex */;
			productType = "com.apple.product-type.watchkit2-extension";
		};
/* End PBXNativeTarget section */

/* Begin PBXProject section */
		592965491B50E84200BD1670 /* Project object */ = {
			isa = PBXProject;
			attributes = {
				LastUpgradeCheck = 0700;
				ORGANIZATIONNAME = Lextech;
				TargetAttributes = {
					592965501B50E84200BD1670 = {
						CreatedOnToolsVersion = 7.0;
					};
					592965641B50E84200BD1670 = {
						CreatedOnToolsVersion = 7.0;
						TestTargetID = 592965501B50E84200BD1670;
					};
					5929656F1B50E84200BD1670 = {
						CreatedOnToolsVersion = 7.0;
						TestTargetID = 592965501B50E84200BD1670;
					};
					592965781B50E84200BD1670 = {
						CreatedOnToolsVersion = 7.0;
						DevelopmentTeam = MGR5KS574J;
					};
					592965871B50E84200BD1670 = {
						CreatedOnToolsVersion = 7.0;
						DevelopmentTeam = MGR5KS574J;
					};
				};
			};
			buildConfigurationList = 5929654C1B50E84200BD1670 /* Build configuration list for PBXProject "WatchMotionTest" */;
			compatibilityVersion = "Xcode 3.2";
			developmentRegion = English;
			hasScannedForEncodings = 0;
			knownRegions = (
				en,
				Base,
			);
			mainGroup = 592965481B50E84200BD1670;
			productRefGroup = 592965521B50E84200BD1670 /* Products */;
			projectDirPath = "";
			projectRoot = "";
			targets = (
				592965501B50E84200BD1670 /* WatchMotionTest */,
				592965641B50E84200BD1670 /* WatchMotionTestTests */,
				5929656F1B50E84200BD1670 /* WatchMotionTestUITests */,
				592965781B50E84200BD1670 /* WatchMotionTest WatchKit App */,
				592965871B50E84200BD1670 /* WatchMotionTest WatchKit Extension */,
			);
		};
/* End PBXProject section */

/* Begin PBXResourcesBuildPhase section */
		5929654F1B50E84200BD1670 /* Resources */ = {
			isa = PBXResourcesBuildPhase;
			buildActionMask = 2147483647;
			files = (
				5929655F1B50E84200BD1670 /* LaunchScreen.storyboard in Resources */,
				5929655C1B50E84200BD1670 /* Assets.xcassets in Resources */,
				5929655A1B50E84200BD1670 /* Main.storyboard in Resources */,
			);
			runOnlyForDeploymentPostprocessing = 0;
		};
		592965631B50E84200BD1670 /* Resources */ = {
			isa = PBXResourcesBuildPhase;
			buildActionMask = 2147483647;
			files = (
			);
			runOnlyForDeploymentPostprocessing = 0;
		};
		5929656E1B50E84200BD1670 /* Resources */ = {
			isa = PBXResourcesBuildPhase;
			buildActionMask = 2147483647;
			files = (
			);
			runOnlyForDeploymentPostprocessing = 0;
		};
		592965771B50E84200BD1670 /* Resources */ = {
			isa = PBXResourcesBuildPhase;
			buildActionMask = 2147483647;
			files = (
				592965821B50E84200BD1670 /* Assets.xcassets in Resources */,
				592965801B50E84200BD1670 /* Interface.storyboard in Resources */,
			);
			runOnlyForDeploymentPostprocessing = 0;
		};
		592965861B50E84200BD1670 /* Resources */ = {
			isa = PBXResourcesBuildPhase;
			buildActionMask = 2147483647;
			files = (
				592965921B50E84200BD1670 /* Assets.xcassets in Resources */,
			);
			runOnlyForDeploymentPostprocessing = 0;
		};
/* End PBXResourcesBuildPhase section */

/* Begin PBXSourcesBuildPhase section */
		5929654D1B50E84200BD1670 /* Sources */ = {
			isa = PBXSourcesBuildPhase;
			buildActionMask = 2147483647;
			files = (
				592965571B50E84200BD1670 /* ViewController.swift in Sources */,
				592965551B50E84200BD1670 /* AppDelegate.swift in Sources */,
			);
			runOnlyForDeploymentPostprocessing = 0;
		};
		592965611B50E84200BD1670 /* Sources */ = {
			isa = PBXSourcesBuildPhase;
			buildActionMask = 2147483647;
			files = (
				5929656A1B50E84200BD1670 /* WatchMotionTestTests.swift in Sources */,
			);
			runOnlyForDeploymentPostprocessing = 0;
		};
		5929656C1B50E84200BD1670 /* Sources */ = {
			isa = PBXSourcesBuildPhase;
			buildActionMask = 2147483647;
			files = (
				592965751B50E84200BD1670 /* WatchMotionTestUITests.swift in Sources */,
			);
			runOnlyForDeploymentPostprocessing = 0;
		};
		592965841B50E84200BD1670 /* Sources */ = {
			isa = PBXSourcesBuildPhase;
			buildActionMask = 2147483647;
			files = (
				592965901B50E84200BD1670 /* ExtensionDelegate.swift in Sources */,
				5929658E1B50E84200BD1670 /* InterfaceController.swift in Sources */,
			);
			runOnlyForDeploymentPostprocessing = 0;
		};
/* End PBXSourcesBuildPhase section */

/* Begin PBXTargetDependency section */
		592965671B50E84200BD1670 /* PBXTargetDependency */ = {
			isa = PBXTargetDependency;
			target = 592965501B50E84200BD1670 /* WatchMotionTest */;
			targetProxy = 592965661B50E84200BD1670 /* PBXContainerItemProxy */;
		};
		592965721B50E84200BD1670 /* PBXTargetDependency */ = {
			isa = PBXTargetDependency;
			target = 592965501B50E84200BD1670 /* WatchMotionTest */;
			targetProxy = 592965711B50E84200BD1670 /* PBXContainerItemProxy */;
		};
		5929657C1B50E84200BD1670 /* PBXTargetDependency */ = {
			isa = PBXTargetDependency;
			target = 592965781B50E84200BD1670 /* WatchMotionTest WatchKit App */;
			targetProxy = 5929657B1B50E84200BD1670 /* PBXContainerItemProxy */;
		};
		5929658B1B50E84200BD1670 /* PBXTargetDependency */ = {
			isa = PBXTargetDependency;
			target = 592965871B50E84200BD1670 /* WatchMotionTest WatchKit Extension */;
			targetProxy = 5929658A1B50E84200BD1670 /* PBXContainerItemProxy */;
		};
/* End PBXTargetDependency section */

/* Begin PBXVariantGroup section */
		592965581B50E84200BD1670 /* Main.storyboard */ = {
			isa = PBXVariantGroup;
			children = (
				592965591B50E84200BD1670 /* Base */,
			);
			name = Main.storyboard;
			sourceTree = "<group>";
		};
		5929655D1B50E84200BD1670 /* LaunchScreen.storyboard */ = {
			isa = PBXVariantGroup;
			children = (
				5929655E1B50E84200BD1670 /* Base */,
			);
			name = LaunchScreen.storyboard;
			sourceTree = "<group>";
		};
		5929657E1B50E84200BD1670 /* Interface.storyboard */ = {
			isa = PBXVariantGroup;
			children = (
				5929657F1B50E84200BD1670 /* Base */,
			);
			name = Interface.storyboard;
			sourceTree = "<group>";
		};
/* End PBXVariantGroup section */

/* Begin XCBuildConfiguration section */
		592965941B50E84200BD1670 /* Debug */ = {
			isa = XCBuildConfiguration;
			buildSettings = {
				ALWAYS_SEARCH_USER_PATHS = NO;
				CLANG_CXX_LANGUAGE_STANDARD = "gnu++0x";
				CLANG_CXX_LIBRARY = "libc++";
				CLANG_ENABLE_MODULES = YES;
				CLANG_ENABLE_OBJC_ARC = YES;
				CLANG_WARN_BOOL_CONVERSION = YES;
				CLANG_WARN_CONSTANT_CONVERSION = YES;
				CLANG_WARN_DIRECT_OBJC_ISA_USAGE = YES_ERROR;
				CLANG_WARN_EMPTY_BODY = YES;
				CLANG_WARN_ENUM_CONVERSION = YES;
				CLANG_WARN_INT_CONVERSION = YES;
				CLANG_WARN_OBJC_ROOT_CLASS = YES_ERROR;
				CLANG_WARN_UNREACHABLE_CODE = YES;
				CLANG_WARN__DUPLICATE_METHOD_MATCH = YES;
				"CODE_SIGN_IDENTITY[sdk=iphoneos*]" = "iPhone Developer";
				COPY_PHASE_STRIP = NO;
				DEBUG_INFORMATION_FORMAT = dwarf;
				ENABLE_STRICT_OBJC_MSGSEND = YES;
				ENABLE_TESTABILITY = YES;
				GCC_C_LANGUAGE_STANDARD = gnu99;
				GCC_DYNAMIC_NO_PIC = NO;
				GCC_NO_COMMON_BLOCKS = YES;
				GCC_OPTIMIZATION_LEVEL = 0;
				GCC_PREPROCESSOR_DEFINITIONS = (
					"DEBUG=1",
					"$(inherited)",
				);
				GCC_WARN_64_TO_32_BIT_CONVERSION = YES;
				GCC_WARN_ABOUT_RETURN_TYPE = YES_ERROR;
				GCC_WARN_UNDECLARED_SELECTOR = YES;
				GCC_WARN_UNINITIALIZED_AUTOS = YES_AGGRESSIVE;
				GCC_WARN_UNUSED_FUNCTION = YES;
				GCC_WARN_UNUSED_VARIABLE = YES;
				IPHONEOS_DEPLOYMENT_TARGET = 9.0;
				MTL_ENABLE_DEBUG_INFO = YES;
				ONLY_ACTIVE_ARCH = YES;
				SDKROOT = iphoneos;
				SWIFT_OPTIMIZATION_LEVEL = "-Onone";
				TARGETED_DEVICE_FAMILY = "1,2";
			};
			name = Debug;
		};
		592965951B50E84200BD1670 /* Release */ = {
			isa = XCBuildConfiguration;
			buildSettings = {
				ALWAYS_SEARCH_USER_PATHS = NO;
				CLANG_CXX_LANGUAGE_STANDARD = "gnu++0x";
				CLANG_CXX_LIBRARY = "libc++";
				CLANG_ENABLE_MODULES = YES;
				CLANG_ENABLE_OBJC_ARC = YES;
				CLANG_WARN_BOOL_CONVERSION = YES;
				CLANG_WARN_CONSTANT_CONVERSION = YES;
				CLANG_WARN_DIRECT_OBJC_ISA_USAGE = YES_ERROR;
				CLANG_WARN_EMPTY_BODY = YES;
				CLANG_WARN_ENUM_CONVERSION = YES;
				CLANG_WARN_INT_CONVERSION = YES;
				CLANG_WARN_OBJC_ROOT_CLASS = YES_ERROR;
				CLANG_WARN_UNREACHABLE_CODE = YES;
				CLANG_WARN__DUPLICATE_METHOD_MATCH = YES;
				"CODE_SIGN_IDENTITY[sdk=iphoneos*]" = "iPhone Developer";
				COPY_PHASE_STRIP = NO;
				DEBUG_INFORMATION_FORMAT = "dwarf-with-dsym";
				ENABLE_NS_ASSERTIONS = NO;
				ENABLE_STRICT_OBJC_MSGSEND = YES;
				GCC_C_LANGUAGE_STANDARD = gnu99;
				GCC_NO_COMMON_BLOCKS = YES;
				GCC_WARN_64_TO_32_BIT_CONVERSION = YES;
				GCC_WARN_ABOUT_RETURN_TYPE = YES_ERROR;
				GCC_WARN_UNDECLARED_SELECTOR = YES;
				GCC_WARN_UNINITIALIZED_AUTOS = YES_AGGRESSIVE;
				GCC_WARN_UNUSED_FUNCTION = YES;
				GCC_WARN_UNUSED_VARIABLE = YES;
				IPHONEOS_DEPLOYMENT_TARGET = 9.0;
				MTL_ENABLE_DEBUG_INFO = NO;
				SDKROOT = iphoneos;
				TARGETED_DEVICE_FAMILY = "1,2";
				VALIDATE_PRODUCT = YES;
			};
			name = Release;
		};
		592965971B50E84200BD1670 /* Debug */ = {
			isa = XCBuildConfiguration;
			buildSettings = {
				CODE_SIGN_IDENTITY = "iPhone Developer";
				INFOPLIST_FILE = "WatchMotionTest WatchKit Extension/Info.plist";
				LD_RUNPATH_SEARCH_PATHS = "$(inherited) @executable_path/Frameworks @executable_path/../../Frameworks";
				PRODUCT_BUNDLE_IDENTIFIER = com.lextech.WatchMotionTest.watchkitapp.watchkitextension;
				PRODUCT_NAME = "${TARGET_NAME}";
				SDKROOT = watchos;
				SKIP_INSTALL = YES;
				TARGETED_DEVICE_FAMILY = 4;
				WATCHOS_DEPLOYMENT_TARGET = 2.0;
			};
			name = Debug;
		};
		592965981B50E84200BD1670 /* Release */ = {
			isa = XCBuildConfiguration;
			buildSettings = {
				CODE_SIGN_IDENTITY = "iPhone Developer";
				INFOPLIST_FILE = "WatchMotionTest WatchKit Extension/Info.plist";
				LD_RUNPATH_SEARCH_PATHS = "$(inherited) @executable_path/Frameworks @executable_path/../../Frameworks";
				PRODUCT_BUNDLE_IDENTIFIER = com.lextech.WatchMotionTest.watchkitapp.watchkitextension;
				PRODUCT_NAME = "${TARGET_NAME}";
				SDKROOT = watchos;
				SKIP_INSTALL = YES;
				TARGETED_DEVICE_FAMILY = 4;
				WATCHOS_DEPLOYMENT_TARGET = 2.0;
			};
			name = Release;
		};
		5929659B1B50E84200BD1670 /* Debug */ = {
			isa = XCBuildConfiguration;
			buildSettings = {
				ASSETCATALOG_COMPILER_APPICON_NAME = AppIcon;
				CODE_SIGN_IDENTITY = "iPhone Developer";
				EMBEDDED_CONTENT_CONTAINS_SWIFT = YES;
				IBSC_MODULE = WatchMotionTest_WatchKit_Extension;
				INFOPLIST_FILE = "WatchMotionTest WatchKit App/Info.plist";
				PRODUCT_BUNDLE_IDENTIFIER = com.lextech.WatchMotionTest.watchkitapp;
				PRODUCT_NAME = "$(TARGET_NAME)";
				SDKROOT = watchos;
				SKIP_INSTALL = YES;
				TARGETED_DEVICE_FAMILY = 4;
				WATCHOS_DEPLOYMENT_TARGET = 2.0;
			};
			name = Debug;
		};
		5929659C1B50E84200BD1670 /* Release */ = {
			isa = XCBuildConfiguration;
			buildSettings = {
				ASSETCATALOG_COMPILER_APPICON_NAME = AppIcon;
				CODE_SIGN_IDENTITY = "iPhone Developer";
				EMBEDDED_CONTENT_CONTAINS_SWIFT = YES;
				IBSC_MODULE = WatchMotionTest_WatchKit_Extension;
				INFOPLIST_FILE = "WatchMotionTest WatchKit App/Info.plist";
				PRODUCT_BUNDLE_IDENTIFIER = com.lextech.WatchMotionTest.watchkitapp;
				PRODUCT_NAME = "$(TARGET_NAME)";
				SDKROOT = watchos;
				SKIP_INSTALL = YES;
				TARGETED_DEVICE_FAMILY = 4;
				WATCHOS_DEPLOYMENT_TARGET = 2.0;
			};
			name = Release;
		};
		5929659F1B50E84200BD1670 /* Debug */ = {
			isa = XCBuildConfiguration;
			buildSettings = {
				ASSETCATALOG_COMPILER_APPICON_NAME = AppIcon;
				INFOPLIST_FILE = WatchMotionTest/Info.plist;
				LD_RUNPATH_SEARCH_PATHS = "$(inherited) @executable_path/Frameworks";
				PRODUCT_BUNDLE_IDENTIFIER = com.lextech.WatchMotionTest;
				PRODUCT_NAME = "$(TARGET_NAME)";
			};
			name = Debug;
		};
		592965A01B50E84200BD1670 /* Release */ = {
			isa = XCBuildConfiguration;
			buildSettings = {
				ASSETCATALOG_COMPILER_APPICON_NAME = AppIcon;
				INFOPLIST_FILE = WatchMotionTest/Info.plist;
				LD_RUNPATH_SEARCH_PATHS = "$(inherited) @executable_path/Frameworks";
				PRODUCT_BUNDLE_IDENTIFIER = com.lextech.WatchMotionTest;
				PRODUCT_NAME = "$(TARGET_NAME)";
			};
			name = Release;
		};
		592965A21B50E84200BD1670 /* Debug */ = {
			isa = XCBuildConfiguration;
			buildSettings = {
				BUNDLE_LOADER = "$(TEST_HOST)";
				INFOPLIST_FILE = WatchMotionTestTests/Info.plist;
				LD_RUNPATH_SEARCH_PATHS = "$(inherited) @executable_path/Frameworks @loader_path/Frameworks";
				PRODUCT_BUNDLE_IDENTIFIER = com.lextech.WatchMotionTestTests;
				PRODUCT_NAME = "$(TARGET_NAME)";
				TEST_HOST = "$(BUILT_PRODUCTS_DIR)/WatchMotionTest.app/WatchMotionTest";
			};
			name = Debug;
		};
		592965A31B50E84200BD1670 /* Release */ = {
			isa = XCBuildConfiguration;
			buildSettings = {
				BUNDLE_LOADER = "$(TEST_HOST)";
				INFOPLIST_FILE = WatchMotionTestTests/Info.plist;
				LD_RUNPATH_SEARCH_PATHS = "$(inherited) @executable_path/Frameworks @loader_path/Frameworks";
				PRODUCT_BUNDLE_IDENTIFIER = com.lextech.WatchMotionTestTests;
				PRODUCT_NAME = "$(TARGET_NAME)";
				TEST_HOST = "$(BUILT_PRODUCTS_DIR)/WatchMotionTest.app/WatchMotionTest";
			};
			name = Release;
		};
		592965A51B50E84200BD1670 /* Debug */ = {
			isa = XCBuildConfiguration;
			buildSettings = {
				INFOPLIST_FILE = WatchMotionTestUITests/Info.plist;
				LD_RUNPATH_SEARCH_PATHS = "$(inherited) @executable_path/Frameworks @loader_path/Frameworks";
				PRODUCT_BUNDLE_IDENTIFIER = com.lextech.WatchMotionTestUITests;
				PRODUCT_NAME = "$(TARGET_NAME)";
				TEST_TARGET_NAME = WatchMotionTest;
				USES_XCTRUNNER = YES;
			};
			name = Debug;
		};
		592965A61B50E84200BD1670 /* Release */ = {
			isa = XCBuildConfiguration;
			buildSettings = {
				INFOPLIST_FILE = WatchMotionTestUITests/Info.plist;
				LD_RUNPATH_SEARCH_PATHS = "$(inherited) @executable_path/Frameworks @loader_path/Frameworks";
				PRODUCT_BUNDLE_IDENTIFIER = com.lextech.WatchMotionTestUITests;
				PRODUCT_NAME = "$(TARGET_NAME)";
				TEST_TARGET_NAME = WatchMotionTest;
				USES_XCTRUNNER = YES;
			};
			name = Release;
		};
/* End XCBuildConfiguration section */

/* Begin XCConfigurationList section */
		5929654C1B50E84200BD1670 /* Build configuration list for PBXProject "WatchMotionTest" */ = {
			isa = XCConfigurationList;
			buildConfigurations = (
				592965941B50E84200BD1670 /* Debug */,
				592965951B50E84200BD1670 /* Release */,
			);
			defaultConfigurationIsVisible = 0;
			defaultConfigurationName = Release;
		};
		592965961B50E84200BD1670 /* Build configuration list for PBXNativeTarget "WatchMotionTest WatchKit Extension" */ = {
			isa = XCConfigurationList;
			buildConfigurations = (
				592965971B50E84200BD1670 /* Debug */,
				592965981B50E84200BD1670 /* Release */,
			);
			defaultConfigurationIsVisible = 0;
		};
		5929659A1B50E84200BD1670 /* Build configuration list for PBXNativeTarget "WatchMotionTest WatchKit App" */ = {
			isa = XCConfigurationList;
			buildConfigurations = (
				5929659B1B50E84200BD1670 /* Debug */,
				5929659C1B50E84200BD1670 /* Release */,
			);
			defaultConfigurationIsVisible = 0;
		};
		5929659E1B50E84200BD1670 /* Build configuration list for PBXNativeTarget "WatchMotionTest" */ = {
			isa = XCConfigurationList;
			buildConfigurations = (
				5929659F1B50E84200BD1670 /* Debug */,
				592965A01B50E84200BD1670 /* Release */,
			);
			defaultConfigurationIsVisible = 0;
		};
		592965A11B50E84200BD1670 /* Build configuration list for PBXNativeTarget "WatchMotionTestTests" */ = {
			isa = XCConfigurationList;
			buildConfigurations = (
				592965A21B50E84200BD1670 /* Debug */,
				592965A31B50E84200BD1670 /* Release */,
			);
			defaultConfigurationIsVisible = 0;
		};
		592965A41B50E84200BD1670 /* Build configuration list for PBXNativeTarget "WatchMotionTestUITests" */ = {
			isa = XCConfigurationList;
			buildConfigurations = (
				592965A51B50E84200BD1670 /* Debug */,
				592965A61B50E84200BD1670 /* Release */,
			);
			defaultConfigurationIsVisible = 0;
		};
/* End XCConfigurationList section */
	};
	rootObject = 592965491B50E84200BD1670 /* Project object */;
}
